
Microsoft Visual Studio Solution File, Format Version 12.00
# Visual Studio 15
VisualStudioVersion = 15.0.28010.2036
MinimumVisualStudioVersion = 10.0.40219.1
Project("{FAE04EC0-301F-11D3-BF4B-00C04F79EFBC}") = "HV1905", "HV1905.csproj", "{6DB429E4-28D4-401B-8842-ADBE88F9F8D5}"
EndProject
Global
	GlobalSection(SolutionConfigurationPlatforms) = preSolution
		Debug|Any CPU = Debug|Any CPU
		Release|Any CPU = Release|Any CPU
	EndGlobalSection
	GlobalSection(ProjectConfigurationPlatforms) = postSolution
		{6DB429E4-28D4-401B-8842-ADBE88F9F8D5}.Debug|Any CPU.ActiveCfg = Debug|Any CPU
		{6DB429E4-28D4-401B-8842-ADBE88F9F8D5}.Debug|Any CPU.Build.0 = Debug|Any CPU
		{6DB429E4-28D4-401B-8842-ADBE88F9F8D5}.Release|Any CPU.ActiveCfg = Release|Any CPU
		{6DB429E4-28D4-401B-8842-ADBE88F9F8D5}.Release|Any CPU.Build.0 = Release|Any CPU
	EndGlobalSection
	GlobalSection(SolutionProperties) = preSolution
		HideSolutionNode = FALSE
	EndGlobalSection
	GlobalSection(ExtensibilityGlobals) = postSolution
		SolutionGuid = {5835F153-6C0F-49FC-8078-E4721B527444}
	EndGlobalSection
EndGlobal
